<?xml version="1.0" encoding="utf-8"?>
<Project ToolsVersion="4.0" xmlns="http://schemas.microsoft.com/developer/msbuild/2003">
  <ItemGroup>
    <Filter Include="win32">
      <UniqueIdentifier>{84a8ebd7-7cf0-47f6-b75e-d441df67da40}</UniqueIdentifier>
    </Filter>
    <Filter Include="Classes">
      <UniqueIdentifier>{bb6c862e-70e9-49d9-81b7-3829a6f50471}</UniqueIdentifier>
    </Filter>
    <Filter Include="Classes\Entity">
      <UniqueIdentifier>{3b4c829f-8c76-46d5-b486-46afdde089f6}</UniqueIdentifier>
    </Filter>
    <Filter Include="Classes\System">
      <UniqueIdentifier>{823929b0-ee48-4fa1-9351-d2d923653eaf}</UniqueIdentifier>
    </Filter>
    <Filter Include="Classes\Monsters">
      <UniqueIdentifier>{16d76e07-b5ac-4e34-b4d3-c50f977d06b1}</UniqueIdentifier>
    </Filter>
    <Filter Include="Classes\Players">
      <UniqueIdentifier>{f77b8e60-3a6a-4615-8681-4e1b043cd449}</UniqueIdentifier>
    </Filter>
    <Filter Include="Classes\Scenes">
      <UniqueIdentifier>{001b76f2-901a-4d8a-b670-3a2ee221b86c}</UniqueIdentifier>
    </Filter>
  </ItemGroup>
  <ItemGroup>
    <ClCompile Include="main.cpp">
      <Filter>win32</Filter>
    </ClCompile>
    <ClCompile Include="..\Classes\AppDelegate.cpp">
      <Filter>Classes</Filter>
    </ClCompile>
    <ClCompile Include="..\Classes\Entity.cpp">
      <Filter>Classes\Entity</Filter>
    </ClCompile>
    <ClCompile Include="..\Classes\HealthComponent.cpp">
      <Filter>Classes\Entity</Filter>
    </ClCompile>
    <ClCompile Include="..\Classes\RenderComponent.cpp">
      <Filter>Classes\Entity</Filter>
    </ClCompile>
    <ClCompile Include="..\Classes\HealthSystem.cpp">
      <Filter>Classes\System</Filter>
    </ClCompile>
    <ClCompile Include="..\Classes\System.cpp">
      <Filter>Classes\System</Filter>
    </ClCompile>
    <ClCompile Include="..\Classes\Component.cpp">
      <Filter>Classes\Entity</Filter>
    </ClCompile>
    <ClCompile Include="..\Classes\Monster.cpp">
      <Filter>Classes\Monsters</Filter>
    </ClCompile>
    <ClCompile Include="..\Classes\MunchMonster.cpp">
      <Filter>Classes\Monsters</Filter>
    </ClCompile>
    <ClCompile Include="..\Classes\QuirkMonster.cpp">
      <Filter>Classes\Monsters</Filter>
    </ClCompile>
    <ClCompile Include="..\Classes\ZapMonster.cpp">
      <Filter>Classes\Monsters</Filter>
    </ClCompile>
    <ClCompile Include="..\Classes\HumanPlayer.cpp">
      <Filter>Classes\Players</Filter>
    </ClCompile>
    <ClCompile Include="..\Classes\Player.cpp">
      <Filter>Classes\Players</Filter>
    </ClCompile>
    <ClCompile Include="..\Classes\AIPlayer.cpp">
      <Filter>Classes\Players</Filter>
    </ClCompile>
    <ClCompile Include="..\Classes\GameObject.cpp">
      <Filter>Classes\Monsters</Filter>
    </ClCompile>
    <ClCompile Include="..\Classes\EntityFactory.cpp">
      <Filter>Classes\Entity</Filter>
    </ClCompile>
    <ClCompile Include="..\Classes\MoveComponent.cpp">
      <Filter>Classes\Entity</Filter>
    </ClCompile>
    <ClCompile Include="..\Classes\GunComponent.cpp">
      <Filter>Classes\Entity</Filter>
    </ClCompile>
    <ClCompile Include="..\Classes\MeleeComponent.cpp">
      <Filter>Classes\Entity</Filter>
    </ClCompile>
    <ClCompile Include="..\Classes\PlayerComponent.cpp">
      <Filter>Classes\Entity</Filter>
    </ClCompile>
    <ClCompile Include="..\Classes\AIComponent.cpp">
      <Filter>Classes\Entity</Filter>
    </ClCompile>
    <ClCompile Include="..\Classes\PlayerSystem.cpp">
      <Filter>Classes\System</Filter>
    </ClCompile>
    <ClCompile Include="..\Classes\MoveSystem.cpp">
      <Filter>Classes\System</Filter>
    </ClCompile>
    <ClCompile Include="..\Classes\MeleeSystem.cpp">
      <Filter>Classes\System</Filter>
    </ClCompile>
    <ClCompile Include="..\Classes\GunSystem.cpp">
      <Filter>Classes\System</Filter>
    </ClCompile>
    <ClCompile Include="..\Classes\AISystem.cpp">
      <Filter>Classes\System</Filter>
    </ClCompile>
    <ClCompile Include="..\Classes\AIState.cpp">
      <Filter>Classes\System</Filter>
    </ClCompile>
    <ClCompile Include="..\Classes\AIStateCounter.cpp">
      <Filter>Classes\System</Filter>
    </ClCompile>
    <ClCompile Include="..\Classes\AIStateDefend.cpp">
      <Filter>Classes\System</Filter>
    </ClCompile>
    <ClCompile Include="..\Classes\AIStateMass.cpp">
      <Filter>Classes\System</Filter>
    </ClCompile>
    <ClCompile Include="..\Classes\AIStateRush.cpp">
      <Filter>Classes\System</Filter>
    </ClCompile>
    <ClCompile Include="..\Classes\TeamComponent.cpp">
      <Filter>Classes\Entity</Filter>
    </ClCompile>
    <ClCompile Include="..\Classes\MonsterComponent.cpp">
      <Filter>Classes\Entity</Filter>
    </ClCompile>
    <ClCompile Include="..\Classes\EntityManager.cpp">
      <Filter>Classes\Entity</Filter>
    </ClCompile>
    <ClCompile Include="..\Classes\BulletComponent.cpp">
      <Filter>Classes\Entity</Filter>
    </ClCompile>
    <ClCompile Include="..\Classes\HelloWorldScene.cpp">
      <Filter>Classes\Scenes</Filter>
    </ClCompile>
    <ClCompile Include="..\Classes\ArmorHomeScene.cpp">
      <Filter>Classes\Scenes</Filter>
    </ClCompile>
    <ClCompile Include="..\Classes\TutorialZapScene.cpp">
      <Filter>Classes\Scenes</Filter>
    </ClCompile>
    <ClCompile Include="..\Classes\GameOverScene.cpp">
      <Filter>Classes\Scenes</Filter>
    </ClCompile>
    <ClCompile Include="..\Classes\CCLayerParent.cpp">
      <Filter>Classes\Scenes</Filter>
    </ClCompile>
    <ClCompile Include="..\Classes\TutorialQuirkScene.cpp">
      <Filter>Classes\Scenes</Filter>
    </ClCompile>
    <ClCompile Include="..\Classes\TutorialMunchScene.cpp">
      <Filter>Classes\Scenes</Filter>
    </ClCompile>
    <ClCompile Include="..\Classes\SplashScene.cpp">
      <Filter>Classes\Scenes</Filter>
    </ClCompile>
    <ClCompile Include="..\Classes\TutorialMunchQuirkScene.cpp">
      <Filter>Classes\Scenes</Filter>
    </ClCompile>
    <ClCompile Include="..\Classes\TutorialQuirkZapScene.cpp">
      <Filter>Classes\Scenes</Filter>
    </ClCompile>
    <ClCompile Include="..\Classes\TutorialZapMunchScene.cpp">
      <Filter>Classes\Scenes</Filter>
    </ClCompile>
    <ClCompile Include="..\Classes\PhoenixMonster.cpp">
      <Filter>Classes\Monsters</Filter>
    </ClCompile>
    <ClCompile Include="..\Classes\DragonMonster.cpp">
      <Filter>Classes\Monsters</Filter>
    </ClCompile>
    <ClCompile Include="..\Classes\Constant.cpp">
      <Filter>Classes</Filter>
    </ClCompile>
  </ItemGroup>
  <ItemGroup>
    <ClInclude Include="main.h">
      <Filter>win32</Filter>
    </ClInclude>
    <ClInclude Include="..\Classes\AppDelegate.h">
      <Filter>Classes</Filter>
    </ClInclude>
    <ClInclude Include="..\Classes\Entity.h">
      <Filter>Classes\Entity</Filter>
    </ClInclude>
    <ClInclude Include="..\Classes\RenderComponent.h">
      <Filter>Classes\Entity</Filter>
    </ClInclude>
    <ClInclude Include="..\Classes\HealthComponent.h">
      <Filter>Classes\Entity</Filter>
    </ClInclude>
    <ClInclude Include="..\Classes\HealthSystem.h">
      <Filter>Classes\System</Filter>
    </ClInclude>
    <ClInclude Include="..\Classes\System.h">
      <Filter>Classes\System</Filter>
    </ClInclude>
    <ClInclude Include="..\Classes\Component.h">
      <Filter>Classes\Entity</Filter>
    </ClInclude>
    <ClInclude Include="..\Classes\Monster.h">
      <Filter>Classes\Monsters</Filter>
    </ClInclude>
    <ClInclude Include="..\Classes\MunchMonster.h">
      <Filter>Classes\Monsters</Filter>
    </ClInclude>
    <ClInclude Include="..\Classes\QuirkMonster.h">
      <Filter>Classes\Monsters</Filter>
    </ClInclude>
    <ClInclude Include="..\Classes\ZapMonster.h">
      <Filter>Classes\Monsters</Filter>
    </ClInclude>
    <ClInclude Include="..\Classes\HumanPlayer.h">
      <Filter>Classes\Players</Filter>
    </ClInclude>
    <ClInclude Include="..\Classes\Player.h">
      <Filter>Classes\Players</Filter>
    </ClInclude>
    <ClInclude Include="..\Classes\AIPlayer.h">
      <Filter>Classes\Players</Filter>
    </ClInclude>
    <ClInclude Include="..\Classes\GameObject.h">
      <Filter>Classes\Monsters</Filter>
    </ClInclude>
    <ClInclude Include="..\Classes\Constant.h">
      <Filter>Classes</Filter>
    </ClInclude>
    <ClInclude Include="..\Classes\EntityFactory.h">
      <Filter>Classes\Entity</Filter>
    </ClInclude>
    <ClInclude Include="..\Classes\MoveComponent.h">
      <Filter>Classes\Entity</Filter>
    </ClInclude>
    <ClInclude Include="..\Classes\GunComponent.h">
      <Filter>Classes\Entity</Filter>
    </ClInclude>
    <ClInclude Include="..\Classes\MeleeComponent.h">
      <Filter>Classes\Entity</Filter>
    </ClInclude>
    <ClInclude Include="..\Classes\PlayerComponent.h">
      <Filter>Classes\Entity</Filter>
    </ClInclude>
    <ClInclude Include="..\Classes\AIComponent.h">
      <Filter>Classes\Entity</Filter>
    </ClInclude>
    <ClInclude Include="..\Classes\PlayerSystem.h">
      <Filter>Classes\System</Filter>
    </ClInclude>
    <ClInclude Include="..\Classes\MoveSystem.h">
      <Filter>Classes\System</Filter>
    </ClInclude>
    <ClInclude Include="..\Classes\MeleeSystem.h">
      <Filter>Classes\System</Filter>
    </ClInclude>
    <ClInclude Include="..\Classes\GunSystem.h">
      <Filter>Classes\System</Filter>
    </ClInclude>
    <ClInclude Include="..\Classes\AISystem.h">
      <Filter>Classes\System</Filter>
    </ClInclude>
    <ClInclude Include="..\Classes\AIStateRush.h">
      <Filter>Classes\System</Filter>
    </ClInclude>
    <ClInclude Include="..\Classes\AIState.h">
      <Filter>Classes\System</Filter>
    </ClInclude>
    <ClInclude Include="..\Classes\AIStateCounter.h">
      <Filter>Classes\System</Filter>
    </ClInclude>
    <ClInclude Include="..\Classes\AIStateDefend.h">
      <Filter>Classes\System</Filter>
    </ClInclude>
    <ClInclude Include="..\Classes\AIStateMass.h">
      <Filter>Classes\System</Filter>
    </ClInclude>
    <ClInclude Include="..\Classes\TeamComponent.h">
      <Filter>Classes\Entity</Filter>
    </ClInclude>
    <ClInclude Include="..\Classes\MonsterComponent.h">
      <Filter>Classes\Entity</Filter>
    </ClInclude>
    <ClInclude Include="..\Classes\EntityManager.h">
      <Filter>Classes\Entity</Filter>
    </ClInclude>
    <ClInclude Include="..\Classes\BulletComponent.h">
      <Filter>Classes\Entity</Filter>
    </ClInclude>
    <ClInclude Include="..\Classes\HelloWorldScene.h">
      <Filter>Classes\Scenes</Filter>
    </ClInclude>
    <ClInclude Include="..\Classes\ArmorHomeScene.h">
      <Filter>Classes\Scenes</Filter>
    </ClInclude>
    <ClInclude Include="..\Classes\TutorialZapScene.h">
      <Filter>Classes\Scenes</Filter>
    </ClInclude>
    <ClInclude Include="..\Classes\GameOverScene.h">
      <Filter>Classes\Scenes</Filter>
    </ClInclude>
    <ClInclude Include="..\Classes\CCLayerParent.h">
      <Filter>Classes\Scenes</Filter>
    </ClInclude>
    <ClInclude Include="..\Classes\TutorialQuirkScene.h">
      <Filter>Classes\Scenes</Filter>
    </ClInclude>
    <ClInclude Include="..\Classes\TutorialMunchScene.h">
      <Filter>Classes\Scenes</Filter>
    </ClInclude>
    <ClInclude Include="..\Classes\Scenes.h">
      <Filter>Classes\Scenes</Filter>
    </ClInclude>
    <ClInclude Include="..\Classes\SplashScene.h">
      <Filter>Classes\Scenes</Filter>
    </ClInclude>
    <ClInclude Include="..\Classes\TutorialZapMunchScene.h">
      <Filter>Classes\Scenes</Filter>
    </ClInclude>
    <ClInclude Include="..\Classes\TutorialMunchQuirkScene.h">
      <Filter>Classes\Scenes</Filter>
    </ClInclude>
    <ClInclude Include="..\Classes\TutorialQuirkZapScene.h">
      <Filter>Classes\Scenes</Filter>
    </ClInclude>
    <ClInclude Include="..\Classes\DragonMonster.h">
      <Filter>Classes\Monsters</Filter>
    </ClInclude>
    <ClInclude Include="..\Classes\PhoenixMonster.h">
      <Filter>Classes\Monsters</Filter>
    </ClInclude>
  </ItemGroup>
</Project>